
Microsoft Visual Studio Solution File, Format Version 12.00
# Visual Studio Version 17
VisualStudioVersion = 17.9.34622.214
MinimumVisualStudioVersion = 10.0.40219.1
Project("{FAE04EC0-301F-11D3-BF4B-00C04F79EFBC}") = "PracticaMVC2", "PracticaMVC2\PracticaMVC2.csproj", "{B0C49F1E-867C-474B-A129-2C23792058DF}"
EndProject
Global
	GlobalSection(SolutionConfigurationPlatforms) = preSolution
		Debug|Any CPU = Debug|Any CPU
		Release|Any CPU = Release|Any CPU
	EndGlobalSection
	GlobalSection(ProjectConfigurationPlatforms) = postSolution
		{B0C49F1E-867C-474B-A129-2C23792058DF}.Debug|Any CPU.ActiveCfg = Debug|Any CPU
		{B0C49F1E-867C-474B-A129-2C23792058DF}.Debug|Any CPU.Build.0 = Debug|Any CPU
		{B0C49F1E-867C-474B-A129-2C23792058DF}.Release|Any CPU.ActiveCfg = Release|Any CPU
		{B0C49F1E-867C-474B-A129-2C23792058DF}.Release|Any CPU.Build.0 = Release|Any CPU
	EndGlobalSection
	GlobalSection(SolutionProperties) = preSolution
		HideSolutionNode = FALSE
	EndGlobalSection
	GlobalSection(ExtensibilityGlobals) = postSolution
		SolutionGuid = {9D169293-7478-4B44-83EF-D2736E83E102}
	EndGlobalSection
EndGlobal
